
Microsoft Visual Studio Solution File, Format Version 12.00
# Visual Studio 15
VisualStudioVersion = 15.0.28307.329
MinimumVisualStudioVersion = 10.0.40219.1
Project("{FAE04EC0-301F-11D3-BF4B-00C04F79EFBC}") = "UDPSensorReceiver", "UDPSensorReceiver\UDPSensorReceiver.csproj", "{BC2E0704-3FFB-4403-8011-A6254A4D8410}"
EndProject
Global
	GlobalSection(SolutionConfigurationPlatforms) = preSolution
		Debug|Any CPU = Debug|Any CPU
		Release|Any CPU = Release|Any CPU
	EndGlobalSection
	GlobalSection(ProjectConfigurationPlatforms) = postSolution
		{BC2E0704-3FFB-4403-8011-A6254A4D8410}.Debug|Any CPU.ActiveCfg = Debug|Any CPU
		{BC2E0704-3FFB-4403-8011-A6254A4D8410}.Debug|Any CPU.Build.0 = Debug|Any CPU
		{BC2E0704-3FFB-4403-8011-A6254A4D8410}.Release|Any CPU.ActiveCfg = Release|Any CPU
		{BC2E0704-3FFB-4403-8011-A6254A4D8410}.Release|Any CPU.Build.0 = Release|Any CPU
	EndGlobalSection
	GlobalSection(SolutionProperties) = preSolution
		HideSolutionNode = FALSE
	EndGlobalSection
	GlobalSection(ExtensibilityGlobals) = postSolution
		SolutionGuid = {8AAC9D77-2774-4BF1-8F8D-2ECF30E5F45E}
	EndGlobalSection
EndGlobal
